
Microsoft Visual Studio Solution File, Format Version 12.00
# Visual Studio Version 16
VisualStudioVersion = 16.0.29424.173
MinimumVisualStudioVersion = 10.0.40219.1
Project("{FAE04EC0-301F-11D3-BF4B-00C04F79EFBC}") = "Mara.Erfa.WpfIntro.Gui", "Mara.Erfa.WpfIntro.Gui\Mara.Erfa.WpfIntro.Gui.csproj", "{64DC0E08-FC45-4129-B331-0B45DAB17168}"
EndProject
Global
	GlobalSection(SolutionConfigurationPlatforms) = preSolution
		Debug|Any CPU = Debug|Any CPU
		Release|Any CPU = Release|Any CPU
	EndGlobalSection
	GlobalSection(ProjectConfigurationPlatforms) = postSolution
		{64DC0E08-FC45-4129-B331-0B45DAB17168}.Debug|Any CPU.ActiveCfg = Debug|Any CPU
		{64DC0E08-FC45-4129-B331-0B45DAB17168}.Debug|Any CPU.Build.0 = Debug|Any CPU
		{64DC0E08-FC45-4129-B331-0B45DAB17168}.Release|Any CPU.ActiveCfg = Release|Any CPU
		{64DC0E08-FC45-4129-B331-0B45DAB17168}.Release|Any CPU.Build.0 = Release|Any CPU
	EndGlobalSection
	GlobalSection(SolutionProperties) = preSolution
		HideSolutionNode = FALSE
	EndGlobalSection
	GlobalSection(ExtensibilityGlobals) = postSolution
		SolutionGuid = {FB094E4C-9572-4EE5-90D6-7B1CADE51946}
	EndGlobalSection
EndGlobal
